
Microsoft Visual Studio Solution File, Format Version 12.00
# Visual Studio Version 16
VisualStudioVersion = 16.0.30907.101
MinimumVisualStudioVersion = 10.0.40219.1
Project("{9A19103F-16F7-4668-BE54-9A1E7A4F7556}") = "inyeccion_de_dependecias", "inyeccion_de_dependecias\inyeccion_de_dependecias.csproj", "{63DE1EE1-418D-4A28-9A43-7BC08ECED89C}"
EndProject
Project("{9A19103F-16F7-4668-BE54-9A1E7A4F7556}") = "factoria_de_clases", "factoria_de_clases\factoria_de_clases.csproj", "{492DB8AD-44A0-4151-AB26-5E7C2282318F}"
EndProject
Project("{9A19103F-16F7-4668-BE54-9A1E7A4F7556}") = "metodos_genericos", "metodos_genericos\metodos_genericos.csproj", "{29E73096-85F8-4A4D-8C30-F2C9282DBDFA}"
EndProject
Project("{9A19103F-16F7-4668-BE54-9A1E7A4F7556}") = "ref_out", "ref_out\ref_out.csproj", "{B17032A7-BA5A-4D0C-B226-16E40D4F8CE6}"
EndProject
Project("{9A19103F-16F7-4668-BE54-9A1E7A4F7556}") = "delegados", "delegados\delegados.csproj", "{E1C12FE4-16A2-402B-B6DA-42BAFE6F0C4D}"
EndProject
Project("{FAE04EC0-301F-11D3-BF4B-00C04F79EFBC}") = "Predicado", "Predicado\Predicado.csproj", "{2EA9944F-1B46-470F-89E6-967A333AA76E}"
EndProject
Project("{FAE04EC0-301F-11D3-BF4B-00C04F79EFBC}") = "Lambda_funciones_anonimas", "Lambda_funciones_anonimas\Lambda_funciones_anonimas.csproj", "{75A355B8-E19B-4846-B076-1BCE7886A32A}"
EndProject
Project("{FAE04EC0-301F-11D3-BF4B-00C04F79EFBC}") = "nuevo_de_csharp_7", "nuevo_de_csharp_7\nuevo_de_csharp_7.csproj", "{C0BEC6F7-419F-465A-84CD-018A5B2232CB}"
EndProject
Global
	GlobalSection(SolutionConfigurationPlatforms) = preSolution
		Debug|Any CPU = Debug|Any CPU
		Release|Any CPU = Release|Any CPU
	EndGlobalSection
	GlobalSection(ProjectConfigurationPlatforms) = postSolution
		{63DE1EE1-418D-4A28-9A43-7BC08ECED89C}.Debug|Any CPU.ActiveCfg = Debug|Any CPU
		{63DE1EE1-418D-4A28-9A43-7BC08ECED89C}.Debug|Any CPU.Build.0 = Debug|Any CPU
		{63DE1EE1-418D-4A28-9A43-7BC08ECED89C}.Release|Any CPU.ActiveCfg = Release|Any CPU
		{63DE1EE1-418D-4A28-9A43-7BC08ECED89C}.Release|Any CPU.Build.0 = Release|Any CPU
		{492DB8AD-44A0-4151-AB26-5E7C2282318F}.Debug|Any CPU.ActiveCfg = Debug|Any CPU
		{492DB8AD-44A0-4151-AB26-5E7C2282318F}.Debug|Any CPU.Build.0 = Debug|Any CPU
		{492DB8AD-44A0-4151-AB26-5E7C2282318F}.Release|Any CPU.ActiveCfg = Release|Any CPU
		{492DB8AD-44A0-4151-AB26-5E7C2282318F}.Release|Any CPU.Build.0 = Release|Any CPU
		{29E73096-85F8-4A4D-8C30-F2C9282DBDFA}.Debug|Any CPU.ActiveCfg = Debug|Any CPU
		{29E73096-85F8-4A4D-8C30-F2C9282DBDFA}.Debug|Any CPU.Build.0 = Debug|Any CPU
		{29E73096-85F8-4A4D-8C30-F2C9282DBDFA}.Release|Any CPU.ActiveCfg = Release|Any CPU
		{29E73096-85F8-4A4D-8C30-F2C9282DBDFA}.Release|Any CPU.Build.0 = Release|Any CPU
		{B17032A7-BA5A-4D0C-B226-16E40D4F8CE6}.Debug|Any CPU.ActiveCfg = Debug|Any CPU
		{B17032A7-BA5A-4D0C-B226-16E40D4F8CE6}.Debug|Any CPU.Build.0 = Debug|Any CPU
		{B17032A7-BA5A-4D0C-B226-16E40D4F8CE6}.Release|Any CPU.ActiveCfg = Release|Any CPU
		{B17032A7-BA5A-4D0C-B226-16E40D4F8CE6}.Release|Any CPU.Build.0 = Release|Any CPU
		{E1C12FE4-16A2-402B-B6DA-42BAFE6F0C4D}.Debug|Any CPU.ActiveCfg = Debug|Any CPU
		{E1C12FE4-16A2-402B-B6DA-42BAFE6F0C4D}.Debug|Any CPU.Build.0 = Debug|Any CPU
		{E1C12FE4-16A2-402B-B6DA-42BAFE6F0C4D}.Release|Any CPU.ActiveCfg = Release|Any CPU
		{E1C12FE4-16A2-402B-B6DA-42BAFE6F0C4D}.Release|Any CPU.Build.0 = Release|Any CPU
		{2EA9944F-1B46-470F-89E6-967A333AA76E}.Debug|Any CPU.ActiveCfg = Debug|Any CPU
		{2EA9944F-1B46-470F-89E6-967A333AA76E}.Debug|Any CPU.Build.0 = Debug|Any CPU
		{2EA9944F-1B46-470F-89E6-967A333AA76E}.Release|Any CPU.ActiveCfg = Release|Any CPU
		{2EA9944F-1B46-470F-89E6-967A333AA76E}.Release|Any CPU.Build.0 = Release|Any CPU
		{75A355B8-E19B-4846-B076-1BCE7886A32A}.Debug|Any CPU.ActiveCfg = Debug|Any CPU
		{75A355B8-E19B-4846-B076-1BCE7886A32A}.Debug|Any CPU.Build.0 = Debug|Any CPU
		{75A355B8-E19B-4846-B076-1BCE7886A32A}.Release|Any CPU.ActiveCfg = Release|Any CPU
		{75A355B8-E19B-4846-B076-1BCE7886A32A}.Release|Any CPU.Build.0 = Release|Any CPU
		{C0BEC6F7-419F-465A-84CD-018A5B2232CB}.Debug|Any CPU.ActiveCfg = Debug|Any CPU
		{C0BEC6F7-419F-465A-84CD-018A5B2232CB}.Debug|Any CPU.Build.0 = Debug|Any CPU
		{C0BEC6F7-419F-465A-84CD-018A5B2232CB}.Release|Any CPU.ActiveCfg = Release|Any CPU
		{C0BEC6F7-419F-465A-84CD-018A5B2232CB}.Release|Any CPU.Build.0 = Release|Any CPU
	EndGlobalSection
	GlobalSection(SolutionProperties) = preSolution
		HideSolutionNode = FALSE
	EndGlobalSection
	GlobalSection(ExtensibilityGlobals) = postSolution
		SolutionGuid = {07F08ADC-47CF-4A36-A554-6A80231A577A}
	EndGlobalSection
EndGlobal
